
Microsoft Visual Studio Solution File, Format Version 12.00
# Visual Studio Version 17
VisualStudioVersion = 17.5.002.0
MinimumVisualStudioVersion = 10.0.40219.1
Project("{9A19103F-16F7-4668-BE54-9A1E7A4F7556}") = "PiratasEjemplo1", "PiratasEjemplo1.csproj", "{CA4F6551-B4DD-4D40-BE09-BBA93DEFE9BA}"
EndProject
Global
	GlobalSection(SolutionConfigurationPlatforms) = preSolution
		Debug|Any CPU = Debug|Any CPU
		Release|Any CPU = Release|Any CPU
	EndGlobalSection
	GlobalSection(ProjectConfigurationPlatforms) = postSolution
		{CA4F6551-B4DD-4D40-BE09-BBA93DEFE9BA}.Debug|Any CPU.ActiveCfg = Debug|Any CPU
		{CA4F6551-B4DD-4D40-BE09-BBA93DEFE9BA}.Debug|Any CPU.Build.0 = Debug|Any CPU
		{CA4F6551-B4DD-4D40-BE09-BBA93DEFE9BA}.Release|Any CPU.ActiveCfg = Release|Any CPU
		{CA4F6551-B4DD-4D40-BE09-BBA93DEFE9BA}.Release|Any CPU.Build.0 = Release|Any CPU
	EndGlobalSection
	GlobalSection(SolutionProperties) = preSolution
		HideSolutionNode = FALSE
	EndGlobalSection
	GlobalSection(ExtensibilityGlobals) = postSolution
		SolutionGuid = {6204552D-9724-4736-9ABB-B9C00A844A58}
	EndGlobalSection
EndGlobal
